// !$*UTF8*$!
{
	archiveVersion = 1;
	classes = {
	};
	objectVersion = 56;
	objects = {

/* Begin PBXBuildFile section */
		07B9D7812BD0479000F73826 /* CarCustomCalculatorApp.swift in Sources */ = {isa = PBXBuildFile; fileRef = 07B9D7802BD0479000F73826 /* CarCustomCalculatorApp.swift */; };
		07B9D7832BD0479000F73826 /* CalculatorView.swift in Sources */ = {isa = PBXBuildFile; fileRef = 07B9D7822BD0479000F73826 /* CalculatorView.swift */; };
		07B9D7852BD0479300F73826 /* Assets.xcassets in Resources */ = {isa = PBXBuildFile; fileRef = 07B9D7842BD0479300F73826 /* Assets.xcassets */; };
		07B9D7882BD0479300F73826 /* Preview Assets.xcassets in Resources */ = {isa = PBXBuildFile; fileRef = 07B9D7872BD0479300F73826 /* Preview Assets.xcassets */; };
		07B9D7902BD0559D00F73826 /* EngineType.swift in Sources */ = {isa = PBXBuildFile; fileRef = 07B9D78F2BD0559D00F73826 /* EngineType.swift */; };
		07B9D7922BD055AE00F73826 /* AgeType.swift in Sources */ = {isa = PBXBuildFile; fileRef = 07B9D7912BD055AE00F73826 /* AgeType.swift */; };
		07B9D7942BD055BE00F73826 /* PersonType.swift in Sources */ = {isa = PBXBuildFile; fileRef = 07B9D7932BD055BE00F73826 /* PersonType.swift */; };
		07B9D7982BD05DEC00F73826 /* View+Extension.swift in Sources */ = {isa = PBXBuildFile; fileRef = 07B9D7972BD05DEC00F73826 /* View+Extension.swift */; };
		07B9D79A2BD05EAF00F73826 /* FAQView.swift in Sources */ = {isa = PBXBuildFile; fileRef = 07B9D7992BD05EAF00F73826 /* FAQView.swift */; };
		07B9D7A42BD0664B00F73826 /* HideViewModifier.swift in Sources */ = {isa = PBXBuildFile; fileRef = 07B9D7A32BD0664B00F73826 /* HideViewModifier.swift */; };
/* End PBXBuildFile section */

/* Begin PBXFileReference section */
		07B9D77D2BD0479000F73826 /* CarCustomCalculator.app */ = {isa = PBXFileReference; explicitFileType = wrapper.application; includeInIndex = 0; path = CarCustomCalculator.app; sourceTree = BUILT_PRODUCTS_DIR; };
		07B9D7802BD0479000F73826 /* CarCustomCalculatorApp.swift */ = {isa = PBXFileReference; lastKnownFileType = sourcecode.swift; path = CarCustomCalculatorApp.swift; sourceTree = "<group>"; };
		07B9D7822BD0479000F73826 /* CalculatorView.swift */ = {isa = PBXFileReference; lastKnownFileType = sourcecode.swift; path = CalculatorView.swift; sourceTree = "<group>"; };
		07B9D7842BD0479300F73826 /* Assets.xcassets */ = {isa = PBXFileReference; lastKnownFileType = folder.assetcatalog; path = Assets.xcassets; sourceTree = "<group>"; };
		07B9D7872BD0479300F73826 /* Preview Assets.xcassets */ = {isa = PBXFileReference; lastKnownFileType = folder.assetcatalog; path = "Preview Assets.xcassets"; sourceTree = "<group>"; };
		07B9D78F2BD0559D00F73826 /* EngineType.swift */ = {isa = PBXFileReference; lastKnownFileType = sourcecode.swift; path = EngineType.swift; sourceTree = "<group>"; };
		07B9D7912BD055AE00F73826 /* AgeType.swift */ = {isa = PBXFileReference; lastKnownFileType = sourcecode.swift; path = AgeType.swift; sourceTree = "<group>"; };
		07B9D7932BD055BE00F73826 /* PersonType.swift */ = {isa = PBXFileReference; lastKnownFileType = sourcecode.swift; path = PersonType.swift; sourceTree = "<group>"; };
		07B9D7952BD056A800F73826 /* Info.plist */ = {isa = PBXFileReference; lastKnownFileType = text.plist; path = Info.plist; sourceTree = "<group>"; };
		07B9D7972BD05DEC00F73826 /* View+Extension.swift */ = {isa = PBXFileReference; lastKnownFileType = sourcecode.swift; path = "View+Extension.swift"; sourceTree = "<group>"; };
		07B9D7992BD05EAF00F73826 /* FAQView.swift */ = {isa = PBXFileReference; lastKnownFileType = sourcecode.swift; path = FAQView.swift; sourceTree = "<group>"; };
		07B9D7A32BD0664B00F73826 /* HideViewModifier.swift */ = {isa = PBXFileReference; lastKnownFileType = sourcecode.swift; path = HideViewModifier.swift; sourceTree = "<group>"; };
/* End PBXFileReference section */

/* Begin PBXFrameworksBuildPhase section */
		07B9D77A2BD0479000F73826 /* Frameworks */ = {
			isa = PBXFrameworksBuildPhase;
			buildActionMask = 2147483647;
			files = (
			);
			runOnlyForDeploymentPostprocessing = 0;
		};
/* End PBXFrameworksBuildPhase section */

/* Begin PBXGroup section */
		07B9D7742BD0479000F73826 = {
			isa = PBXGroup;
			children = (
				07B9D77F2BD0479000F73826 /* CarCustomCalculator */,
				07B9D77E2BD0479000F73826 /* Products */,
			);
			sourceTree = "<group>";
		};
		07B9D77E2BD0479000F73826 /* Products */ = {
			isa = PBXGroup;
			children = (
				07B9D77D2BD0479000F73826 /* CarCustomCalculator.app */,
			);
			name = Products;
			sourceTree = "<group>";
		};
		07B9D77F2BD0479000F73826 /* CarCustomCalculator */ = {
			isa = PBXGroup;
			children = (
				07B9D7A22BD0664000F73826 /* ViewModifiers */,
				07B9D7962BD05DD200F73826 /* Extensions */,
				07B9D7952BD056A800F73826 /* Info.plist */,
				07B9D78E2BD0559200F73826 /* Models */,
				07B9D7802BD0479000F73826 /* CarCustomCalculatorApp.swift */,
				07B9D7822BD0479000F73826 /* CalculatorView.swift */,
				07B9D7992BD05EAF00F73826 /* FAQView.swift */,
				07B9D7842BD0479300F73826 /* Assets.xcassets */,
				07B9D7862BD0479300F73826 /* Preview Content */,
			);
			path = CarCustomCalculator;
			sourceTree = "<group>";
		};
		07B9D7862BD0479300F73826 /* Preview Content */ = {
			isa = PBXGroup;
			children = (
				07B9D7872BD0479300F73826 /* Preview Assets.xcassets */,
			);
			path = "Preview Content";
			sourceTree = "<group>";
		};
		07B9D78E2BD0559200F73826 /* Models */ = {
			isa = PBXGroup;
			children = (
				07B9D78F2BD0559D00F73826 /* EngineType.swift */,
				07B9D7912BD055AE00F73826 /* AgeType.swift */,
				07B9D7932BD055BE00F73826 /* PersonType.swift */,
			);
			path = Models;
			sourceTree = "<group>";
		};
		07B9D7962BD05DD200F73826 /* Extensions */ = {
			isa = PBXGroup;
			children = (
				07B9D7972BD05DEC00F73826 /* View+Extension.swift */,
			);
			path = Extensions;
			sourceTree = "<group>";
		};
		07B9D7A22BD0664000F73826 /* ViewModifiers */ = {
			isa = PBXGroup;
			children = (
				07B9D7A32BD0664B00F73826 /* HideViewModifier.swift */,
			);
			path = ViewModifiers;
			sourceTree = "<group>";
		};
/* End PBXGroup section */

/* Begin PBXNativeTarget section */
		07B9D77C2BD0479000F73826 /* CarCustomCalculator */ = {
			isa = PBXNativeTarget;
			buildConfigurationList = 07B9D78B2BD0479300F73826 /* Build configuration list for PBXNativeTarget "CarCustomCalculator" */;
			buildPhases = (
				07B9D7792BD0479000F73826 /* Sources */,
				07B9D77A2BD0479000F73826 /* Frameworks */,
				07B9D77B2BD0479000F73826 /* Resources */,
			);
			buildRules = (
			);
			dependencies = (
			);
			name = CarCustomCalculator;
			productName = CarCustomCalculator;
			productReference = 07B9D77D2BD0479000F73826 /* CarCustomCalculator.app */;
			productType = "com.apple.product-type.application";
		};
/* End PBXNativeTarget section */

/* Begin PBXProject section */
		07B9D7752BD0479000F73826 /* Project object */ = {
			isa = PBXProject;
			attributes = {
				BuildIndependentTargetsInParallel = 1;
				LastSwiftUpdateCheck = 1530;
				LastUpgradeCheck = 1530;
				TargetAttributes = {
					07B9D77C2BD0479000F73826 = {
						CreatedOnToolsVersion = 15.3;
					};
				};
			};
			buildConfigurationList = 07B9D7782BD0479000F73826 /* Build configuration list for PBXProject "CarCustomCalculator" */;
			compatibilityVersion = "Xcode 14.0";
			developmentRegion = en;
			hasScannedForEncodings = 0;
			knownRegions = (
				en,
				Base,
			);
			mainGroup = 07B9D7742BD0479000F73826;
			productRefGroup = 07B9D77E2BD0479000F73826 /* Products */;
			projectDirPath = "";
			projectRoot = "";
			targets = (
				07B9D77C2BD0479000F73826 /* CarCustomCalculator */,
			);
		};
/* End PBXProject section */

/* Begin PBXResourcesBuildPhase section */
		07B9D77B2BD0479000F73826 /* Resources */ = {
			isa = PBXResourcesBuildPhase;
			buildActionMask = 2147483647;
			files = (
				07B9D7882BD0479300F73826 /* Preview Assets.xcassets in Resources */,
				07B9D7852BD0479300F73826 /* Assets.xcassets in Resources */,
			);
			runOnlyForDeploymentPostprocessing = 0;
		};
/* End PBXResourcesBuildPhase section */

/* Begin PBXSourcesBuildPhase section */
		07B9D7792BD0479000F73826 /* Sources */ = {
			isa = PBXSourcesBuildPhase;
			buildActionMask = 2147483647;
			files = (
				07B9D7902BD0559D00F73826 /* EngineType.swift in Sources */,
				07B9D7832BD0479000F73826 /* CalculatorView.swift in Sources */,
				07B9D7942BD055BE00F73826 /* PersonType.swift in Sources */,
				07B9D7812BD0479000F73826 /* CarCustomCalculatorApp.swift in Sources */,
				07B9D79A2BD05EAF00F73826 /* FAQView.swift in Sources */,
				07B9D7A42BD0664B00F73826 /* HideViewModifier.swift in Sources */,
				07B9D7982BD05DEC00F73826 /* View+Extension.swift in Sources */,
				07B9D7922BD055AE00F73826 /* AgeType.swift in Sources */,
			);
			runOnlyForDeploymentPostprocessing = 0;
		};
/* End PBXSourcesBuildPhase section */

/* Begin XCBuildConfiguration section */
		07B9D7892BD0479300F73826 /* Debug */ = {
			isa = XCBuildConfiguration;
			buildSettings = {
				ALWAYS_SEARCH_USER_PATHS = NO;
				ASSETCATALOG_COMPILER_GENERATE_SWIFT_ASSET_SYMBOL_EXTENSIONS = YES;
				CLANG_ANALYZER_NONNULL = YES;
				CLANG_ANALYZER_NUMBER_OBJECT_CONVERSION = YES_AGGRESSIVE;
				CLANG_CXX_LANGUAGE_STANDARD = "gnu++20";
				CLANG_ENABLE_MODULES = YES;
				CLANG_ENABLE_OBJC_ARC = YES;
				CLANG_ENABLE_OBJC_WEAK = YES;
				CLANG_WARN_BLOCK_CAPTURE_AUTORELEASING = YES;
				CLANG_WARN_BOOL_CONVERSION = YES;
				CLANG_WARN_COMMA = YES;
				CLANG_WARN_CONSTANT_CONVERSION = YES;
				CLANG_WARN_DEPRECATED_OBJC_IMPLEMENTATIONS = YES;
				CLANG_WARN_DIRECT_OBJC_ISA_USAGE = YES_ERROR;
				CLANG_WARN_DOCUMENTATION_COMMENTS = YES;
				CLANG_WARN_EMPTY_BODY = YES;
				CLANG_WARN_ENUM_CONVERSION = YES;
				CLANG_WARN_INFINITE_RECURSION = YES;
				CLANG_WARN_INT_CONVERSION = YES;
				CLANG_WARN_NON_LITERAL_NULL_CONVERSION = YES;
				CLANG_WARN_OBJC_IMPLICIT_RETAIN_SELF = YES;
				CLANG_WARN_OBJC_LITERAL_CONVERSION = YES;
				CLANG_WARN_OBJC_ROOT_CLASS = YES_ERROR;
				CLANG_WARN_QUOTED_INCLUDE_IN_FRAMEWORK_HEADER = YES;
				CLANG_WARN_RANGE_LOOP_ANALYSIS = YES;
				CLANG_WARN_STRICT_PROTOTYPES = YES;
				CLANG_WARN_SUSPICIOUS_MOVE = YES;
				CLANG_WARN_UNGUARDED_AVAILABILITY = YES_AGGRESSIVE;
				CLANG_WARN_UNREACHABLE_CODE = YES;
				CLANG_WARN__DUPLICATE_METHOD_MATCH = YES;
				COPY_PHASE_STRIP = NO;
				DEBUG_INFORMATION_FORMAT = dwarf;
				ENABLE_STRICT_OBJC_MSGSEND = YES;
				ENABLE_TESTABILITY = YES;
				ENABLE_USER_SCRIPT_SANDBOXING = YES;
				GCC_C_LANGUAGE_STANDARD = gnu17;
				GCC_DYNAMIC_NO_PIC = NO;
				GCC_NO_COMMON_BLOCKS = YES;
				GCC_OPTIMIZATION_LEVEL = 0;
				GCC_PREPROCESSOR_DEFINITIONS = (
					"DEBUG=1",
					"$(inherited)",
				);
				GCC_WARN_64_TO_32_BIT_CONVERSION = YES;
				GCC_WARN_ABOUT_RETURN_TYPE = YES_ERROR;
				GCC_WARN_UNDECLARED_SELECTOR = YES;
				GCC_WARN_UNINITIALIZED_AUTOS = YES_AGGRESSIVE;
				GCC_WARN_UNUSED_FUNCTION = YES;
				GCC_WARN_UNUSED_VARIABLE = YES;
				IPHONEOS_DEPLOYMENT_TARGET = 17.4;
				LOCALIZATION_PREFERS_STRING_CATALOGS = YES;
				MTL_ENABLE_DEBUG_INFO = INCLUDE_SOURCE;
				MTL_FAST_MATH = YES;
				ONLY_ACTIVE_ARCH = YES;
				SDKROOT = iphoneos;
				SWIFT_ACTIVE_COMPILATION_CONDITIONS = "DEBUG $(inherited)";
				SWIFT_OPTIMIZATION_LEVEL = "-Onone";
			};
			name = Debug;
		};
		07B9D78A2BD0479300F73826 /* Release */ = {
			isa = XCBuildConfiguration;
			buildSettings = {
				ALWAYS_SEARCH_USER_PATHS = NO;
				ASSETCATALOG_COMPILER_GENERATE_SWIFT_ASSET_SYMBOL_EXTENSIONS = YES;
				CLANG_ANALYZER_NONNULL = YES;
				CLANG_ANALYZER_NUMBER_OBJECT_CONVERSION = YES_AGGRESSIVE;
				CLANG_CXX_LANGUAGE_STANDARD = "gnu++20";
				CLANG_ENABLE_MODULES = YES;
				CLANG_ENABLE_OBJC_ARC = YES;
				CLANG_ENABLE_OBJC_WEAK = YES;
				CLANG_WARN_BLOCK_CAPTURE_AUTORELEASING = YES;
				CLANG_WARN_BOOL_CONVERSION = YES;
				CLANG_WARN_COMMA = YES;
				CLANG_WARN_CONSTANT_CONVERSION = YES;
				CLANG_WARN_DEPRECATED_OBJC_IMPLEMENTATIONS = YES;
				CLANG_WARN_DIRECT_OBJC_ISA_USAGE = YES_ERROR;
				CLANG_WARN_DOCUMENTATION_COMMENTS = YES;
				CLANG_WARN_EMPTY_BODY = YES;
				CLANG_WARN_ENUM_CONVERSION = YES;
				CLANG_WARN_INFINITE_RECURSION = YES;
				CLANG_WARN_INT_CONVERSION = YES;
				CLANG_WARN_NON_LITERAL_NULL_CONVERSION = YES;
				CLANG_WARN_OBJC_IMPLICIT_RETAIN_SELF = YES;
				CLANG_WARN_OBJC_LITERAL_CONVERSION = YES;
				CLANG_WARN_OBJC_ROOT_CLASS = YES_ERROR;
				CLANG_WARN_QUOTED_INCLUDE_IN_FRAMEWORK_HEADER = YES;
				CLANG_WARN_RANGE_LOOP_ANALYSIS = YES;
				CLANG_WARN_STRICT_PROTOTYPES = YES;
				CLANG_WARN_SUSPICIOUS_MOVE = YES;
				CLANG_WARN_UNGUARDED_AVAILABILITY = YES_AGGRESSIVE;
				CLANG_WARN_UNREACHABLE_CODE = YES;
				CLANG_WARN__DUPLICATE_METHOD_MATCH = YES;
				COPY_PHASE_STRIP = NO;
				DEBUG_INFORMATION_FORMAT = "dwarf-with-dsym";
				ENABLE_NS_ASSERTIONS = NO;
				ENABLE_STRICT_OBJC_MSGSEND = YES;
				ENABLE_USER_SCRIPT_SANDBOXING = YES;
				GCC_C_LANGUAGE_STANDARD = gnu17;
				GCC_NO_COMMON_BLOCKS = YES;
				GCC_WARN_64_TO_32_BIT_CONVERSION = YES;
				GCC_WARN_ABOUT_RETURN_TYPE = YES_ERROR;
				GCC_WARN_UNDECLARED_SELECTOR = YES;
				GCC_WARN_UNINITIALIZED_AUTOS = YES_AGGRESSIVE;
				GCC_WARN_UNUSED_FUNCTION = YES;
				GCC_WARN_UNUSED_VARIABLE = YES;
				IPHONEOS_DEPLOYMENT_TARGET = 17.4;
				LOCALIZATION_PREFERS_STRING_CATALOGS = YES;
				MTL_ENABLE_DEBUG_INFO = NO;
				MTL_FAST_MATH = YES;
				SDKROOT = iphoneos;
				SWIFT_COMPILATION_MODE = wholemodule;
				VALIDATE_PRODUCT = YES;
			};
			name = Release;
		};
		07B9D78C2BD0479300F73826 /* Debug */ = {
			isa = XCBuildConfiguration;
			buildSettings = {
				ASSETCATALOG_COMPILER_APPICON_NAME = AppIcon;
				ASSETCATALOG_COMPILER_GLOBAL_ACCENT_COLOR_NAME = AccentColor;
				CODE_SIGN_STYLE = Automatic;
				CURRENT_PROJECT_VERSION = 1;
				DEVELOPMENT_ASSET_PATHS = "\"CarCustomCalculator/Preview Content\"";
				DEVELOPMENT_TEAM = 8C43Q4V22B;
				ENABLE_PREVIEWS = YES;
				GENERATE_INFOPLIST_FILE = YES;
				INFOPLIST_FILE = CarCustomCalculator/Info.plist;
				INFOPLIST_KEY_UIApplicationSceneManifest_Generation = YES;
				INFOPLIST_KEY_UIApplicationSupportsIndirectInputEvents = YES;
				INFOPLIST_KEY_UILaunchScreen_Generation = YES;
				INFOPLIST_KEY_UISupportedInterfaceOrientations_iPad = "UIInterfaceOrientationPortrait UIInterfaceOrientationPortraitUpsideDown UIInterfaceOrientationLandscapeLeft UIInterfaceOrientationLandscapeRight";
				INFOPLIST_KEY_UISupportedInterfaceOrientations_iPhone = "UIInterfaceOrientationPortrait UIInterfaceOrientationLandscapeLeft UIInterfaceOrientationLandscapeRight";
				IPHONEOS_DEPLOYMENT_TARGET = 16.0;
				LD_RUNPATH_SEARCH_PATHS = (
					"$(inherited)",
					"@executable_path/Frameworks",
				);
				MARKETING_VERSION = 1.0;
				PRODUCT_BUNDLE_IDENTIFIER = com.narshinov.CarCustomCalculator;
				PRODUCT_NAME = "$(TARGET_NAME)";
				SWIFT_EMIT_LOC_STRINGS = YES;
				SWIFT_VERSION = 5.0;
				TARGETED_DEVICE_FAMILY = "1,2";
			};
			name = Debug;
		};
		07B9D78D2BD0479300F73826 /* Release */ = {
			isa = XCBuildConfiguration;
			buildSettings = {
				ASSETCATALOG_COMPILER_APPICON_NAME = AppIcon;
				ASSETCATALOG_COMPILER_GLOBAL_ACCENT_COLOR_NAME = AccentColor;
				CODE_SIGN_STYLE = Automatic;
				CURRENT_PROJECT_VERSION = 1;
				DEVELOPMENT_ASSET_PATHS = "\"CarCustomCalculator/Preview Content\"";
				DEVELOPMENT_TEAM = 8C43Q4V22B;
				ENABLE_PREVIEWS = YES;
				GENERATE_INFOPLIST_FILE = YES;
				INFOPLIST_FILE = CarCustomCalculator/Info.plist;
				INFOPLIST_KEY_UIApplicationSceneManifest_Generation = YES;
				INFOPLIST_KEY_UIApplicationSupportsIndirectInputEvents = YES;
				INFOPLIST_KEY_UILaunchScreen_Generation = YES;
				INFOPLIST_KEY_UISupportedInterfaceOrientations_iPad = "UIInterfaceOrientationPortrait UIInterfaceOrientationPortraitUpsideDown UIInterfaceOrientationLandscapeLeft UIInterfaceOrientationLandscapeRight";
				INFOPLIST_KEY_UISupportedInterfaceOrientations_iPhone = "UIInterfaceOrientationPortrait UIInterfaceOrientationLandscapeLeft UIInterfaceOrientationLandscapeRight";
				IPHONEOS_DEPLOYMENT_TARGET = 16.0;
				LD_RUNPATH_SEARCH_PATHS = (
					"$(inherited)",
					"@executable_path/Frameworks",
				);
				MARKETING_VERSION = 1.0;
				PRODUCT_BUNDLE_IDENTIFIER = com.narshinov.CarCustomCalculator;
				PRODUCT_NAME = "$(TARGET_NAME)";
				SWIFT_EMIT_LOC_STRINGS = YES;
				SWIFT_VERSION = 5.0;
				TARGETED_DEVICE_FAMILY = "1,2";
			};
			name = Release;
		};
/* End XCBuildConfiguration section */

/* Begin XCConfigurationList section */
		07B9D7782BD0479000F73826 /* Build configuration list for PBXProject "CarCustomCalculator" */ = {
			isa = XCConfigurationList;
			buildConfigurations = (
				07B9D7892BD0479300F73826 /* Debug */,
				07B9D78A2BD0479300F73826 /* Release */,
			);
			defaultConfigurationIsVisible = 0;
			defaultConfigurationName = Release;
		};
		07B9D78B2BD0479300F73826 /* Build configuration list for PBXNativeTarget "CarCustomCalculator" */ = {
			isa = XCConfigurationList;
			buildConfigurations = (
				07B9D78C2BD0479300F73826 /* Debug */,
				07B9D78D2BD0479300F73826 /* Release */,
			);
			defaultConfigurationIsVisible = 0;
			defaultConfigurationName = Release;
		};
/* End XCConfigurationList section */
	};
	rootObject = 07B9D7752BD0479000F73826 /* Project object */;
}
